
Microsoft Visual Studio Solution File, Format Version 12.00
# Visual Studio Version 16
VisualStudioVersion = 16.0.30114.105
MinimumVisualStudioVersion = 10.0.40219.1
Project("{FAE04EC0-301F-11D3-BF4B-00C04F79EFBC}") = "GomaDoge.DCG.DeckCodec", "src\GomaDoge.DCG.DeckCodec\GomaDoge.DCG.DeckCodec.csproj", "{D35B03E4-0756-4A81-881D-60CD1265976D}"
EndProject
Project("{FAE04EC0-301F-11D3-BF4B-00C04F79EFBC}") = "GomaDoge.DCG.DeckCodec.CLI", "src\GomaDoge.DCG.DeckCodec.CLI\GomaDoge.DCG.DeckCodec.CLI.csproj", "{D641C751-2F5D-49DB-B9F0-3017199F9B05}"
EndProject
Project("{FAE04EC0-301F-11D3-BF4B-00C04F79EFBC}") = "GomaDoge.DCG.DeckCodec.Test", "src\GomaDoge.DCG.DeckCodec.Test\GomaDoge.DCG.DeckCodec.Test.csproj", "{3B9C955C-F6FB-46C8-A56E-D861C23F4176}"
EndProject
Global
	GlobalSection(SolutionConfigurationPlatforms) = preSolution
		Debug|Any CPU = Debug|Any CPU
		Debug|x64 = Debug|x64
		Debug|x86 = Debug|x86
		Release|Any CPU = Release|Any CPU
		Release|x64 = Release|x64
		Release|x86 = Release|x86
	EndGlobalSection
	GlobalSection(SolutionProperties) = preSolution
		HideSolutionNode = FALSE
	EndGlobalSection
	GlobalSection(ProjectConfigurationPlatforms) = postSolution
		{D35B03E4-0756-4A81-881D-60CD1265976D}.Debug|Any CPU.ActiveCfg = Debug|Any CPU
		{D35B03E4-0756-4A81-881D-60CD1265976D}.Debug|Any CPU.Build.0 = Debug|Any CPU
		{D35B03E4-0756-4A81-881D-60CD1265976D}.Debug|x64.ActiveCfg = Debug|Any CPU
		{D35B03E4-0756-4A81-881D-60CD1265976D}.Debug|x64.Build.0 = Debug|Any CPU
		{D35B03E4-0756-4A81-881D-60CD1265976D}.Debug|x86.ActiveCfg = Debug|Any CPU
		{D35B03E4-0756-4A81-881D-60CD1265976D}.Debug|x86.Build.0 = Debug|Any CPU
		{D35B03E4-0756-4A81-881D-60CD1265976D}.Release|Any CPU.ActiveCfg = Release|Any CPU
		{D35B03E4-0756-4A81-881D-60CD1265976D}.Release|Any CPU.Build.0 = Release|Any CPU
		{D35B03E4-0756-4A81-881D-60CD1265976D}.Release|x64.ActiveCfg = Release|Any CPU
		{D35B03E4-0756-4A81-881D-60CD1265976D}.Release|x64.Build.0 = Release|Any CPU
		{D35B03E4-0756-4A81-881D-60CD1265976D}.Release|x86.ActiveCfg = Release|Any CPU
		{D35B03E4-0756-4A81-881D-60CD1265976D}.Release|x86.Build.0 = Release|Any CPU
		{D641C751-2F5D-49DB-B9F0-3017199F9B05}.Debug|Any CPU.ActiveCfg = Debug|Any CPU
		{D641C751-2F5D-49DB-B9F0-3017199F9B05}.Debug|Any CPU.Build.0 = Debug|Any CPU
		{D641C751-2F5D-49DB-B9F0-3017199F9B05}.Debug|x64.ActiveCfg = Debug|Any CPU
		{D641C751-2F5D-49DB-B9F0-3017199F9B05}.Debug|x64.Build.0 = Debug|Any CPU
		{D641C751-2F5D-49DB-B9F0-3017199F9B05}.Debug|x86.ActiveCfg = Debug|Any CPU
		{D641C751-2F5D-49DB-B9F0-3017199F9B05}.Debug|x86.Build.0 = Debug|Any CPU
		{D641C751-2F5D-49DB-B9F0-3017199F9B05}.Release|Any CPU.ActiveCfg = Release|Any CPU
		{D641C751-2F5D-49DB-B9F0-3017199F9B05}.Release|Any CPU.Build.0 = Release|Any CPU
		{D641C751-2F5D-49DB-B9F0-3017199F9B05}.Release|x64.ActiveCfg = Release|Any CPU
		{D641C751-2F5D-49DB-B9F0-3017199F9B05}.Release|x64.Build.0 = Release|Any CPU
		{D641C751-2F5D-49DB-B9F0-3017199F9B05}.Release|x86.ActiveCfg = Release|Any CPU
		{D641C751-2F5D-49DB-B9F0-3017199F9B05}.Release|x86.Build.0 = Release|Any CPU
		{3B9C955C-F6FB-46C8-A56E-D861C23F4176}.Debug|Any CPU.ActiveCfg = Debug|Any CPU
		{3B9C955C-F6FB-46C8-A56E-D861C23F4176}.Debug|Any CPU.Build.0 = Debug|Any CPU
		{3B9C955C-F6FB-46C8-A56E-D861C23F4176}.Debug|x64.ActiveCfg = Debug|Any CPU
		{3B9C955C-F6FB-46C8-A56E-D861C23F4176}.Debug|x64.Build.0 = Debug|Any CPU
		{3B9C955C-F6FB-46C8-A56E-D861C23F4176}.Debug|x86.ActiveCfg = Debug|Any CPU
		{3B9C955C-F6FB-46C8-A56E-D861C23F4176}.Debug|x86.Build.0 = Debug|Any CPU
		{3B9C955C-F6FB-46C8-A56E-D861C23F4176}.Release|Any CPU.ActiveCfg = Release|Any CPU
		{3B9C955C-F6FB-46C8-A56E-D861C23F4176}.Release|Any CPU.Build.0 = Release|Any CPU
		{3B9C955C-F6FB-46C8-A56E-D861C23F4176}.Release|x64.ActiveCfg = Release|Any CPU
		{3B9C955C-F6FB-46C8-A56E-D861C23F4176}.Release|x64.Build.0 = Release|Any CPU
		{3B9C955C-F6FB-46C8-A56E-D861C23F4176}.Release|x86.ActiveCfg = Release|Any CPU
		{3B9C955C-F6FB-46C8-A56E-D861C23F4176}.Release|x86.Build.0 = Release|Any CPU
	EndGlobalSection
EndGlobal
